
Microsoft Visual Studio Solution File, Format Version 12.00
# Visual Studio Version 17
VisualStudioVersion = 17.1.31911.260
MinimumVisualStudioVersion = 10.0.40219.1
Project("{9A19103F-16F7-4668-BE54-9A1E7A4F7556}") = "Core", "Booking.Core\Core.csproj", "{AA03EB42-5B7C-4807-9C01-94AB543A7EF5}"
EndProject
Project("{9A19103F-16F7-4668-BE54-9A1E7A4F7556}") = "Run", "Booking.Run\Run.csproj", "{84750137-3BC6-4516-BFBC-F2780F01759A}"
EndProject
Project("{9A19103F-16F7-4668-BE54-9A1E7A4F7556}") = "Persistence", "Booking.Persistence\Persistence.csproj", "{C6D8512C-D859-4475-AA15-A854BD108209}"
EndProject
Project("{FAE04EC0-301F-11D3-BF4B-00C04F79EFBC}") = "API", "Booking.API\API.csproj", "{47C9D77A-5366-4C93-B2F1-1B9A90EF1D19}"
EndProject
Project("{FAE04EC0-301F-11D3-BF4B-00C04F79EFBC}") = "Application", "Booking.Application\Application.csproj", "{B236A217-6473-47DE-B97B-1B159079D3DC}"
EndProject
Global
	GlobalSection(SolutionConfigurationPlatforms) = preSolution
		Debug|Any CPU = Debug|Any CPU
		Release|Any CPU = Release|Any CPU
	EndGlobalSection
	GlobalSection(ProjectConfigurationPlatforms) = postSolution
		{AA03EB42-5B7C-4807-9C01-94AB543A7EF5}.Debug|Any CPU.ActiveCfg = Debug|Any CPU
		{AA03EB42-5B7C-4807-9C01-94AB543A7EF5}.Debug|Any CPU.Build.0 = Debug|Any CPU
		{AA03EB42-5B7C-4807-9C01-94AB543A7EF5}.Release|Any CPU.ActiveCfg = Release|Any CPU
		{AA03EB42-5B7C-4807-9C01-94AB543A7EF5}.Release|Any CPU.Build.0 = Release|Any CPU
		{84750137-3BC6-4516-BFBC-F2780F01759A}.Debug|Any CPU.ActiveCfg = Debug|Any CPU
		{84750137-3BC6-4516-BFBC-F2780F01759A}.Debug|Any CPU.Build.0 = Debug|Any CPU
		{84750137-3BC6-4516-BFBC-F2780F01759A}.Release|Any CPU.ActiveCfg = Release|Any CPU
		{84750137-3BC6-4516-BFBC-F2780F01759A}.Release|Any CPU.Build.0 = Release|Any CPU
		{C6D8512C-D859-4475-AA15-A854BD108209}.Debug|Any CPU.ActiveCfg = Debug|Any CPU
		{C6D8512C-D859-4475-AA15-A854BD108209}.Debug|Any CPU.Build.0 = Debug|Any CPU
		{C6D8512C-D859-4475-AA15-A854BD108209}.Release|Any CPU.ActiveCfg = Release|Any CPU
		{C6D8512C-D859-4475-AA15-A854BD108209}.Release|Any CPU.Build.0 = Release|Any CPU
		{47C9D77A-5366-4C93-B2F1-1B9A90EF1D19}.Debug|Any CPU.ActiveCfg = Debug|Any CPU
		{47C9D77A-5366-4C93-B2F1-1B9A90EF1D19}.Debug|Any CPU.Build.0 = Debug|Any CPU
		{47C9D77A-5366-4C93-B2F1-1B9A90EF1D19}.Release|Any CPU.ActiveCfg = Release|Any CPU
		{47C9D77A-5366-4C93-B2F1-1B9A90EF1D19}.Release|Any CPU.Build.0 = Release|Any CPU
		{B236A217-6473-47DE-B97B-1B159079D3DC}.Debug|Any CPU.ActiveCfg = Debug|Any CPU
		{B236A217-6473-47DE-B97B-1B159079D3DC}.Debug|Any CPU.Build.0 = Debug|Any CPU
		{B236A217-6473-47DE-B97B-1B159079D3DC}.Release|Any CPU.ActiveCfg = Release|Any CPU
		{B236A217-6473-47DE-B97B-1B159079D3DC}.Release|Any CPU.Build.0 = Release|Any CPU
	EndGlobalSection
	GlobalSection(SolutionProperties) = preSolution
		HideSolutionNode = FALSE
	EndGlobalSection
	GlobalSection(ExtensibilityGlobals) = postSolution
		SolutionGuid = {600275EF-76D8-4050-9F65-60A5AD31D6BB}
	EndGlobalSection
EndGlobal
